
Microsoft Visual Studio Solution File, Format Version 12.00
# Visual Studio Version 17
VisualStudioVersion = 17.3.32922.545
MinimumVisualStudioVersion = 10.0.40219.1
Project("{FAE04EC0-301F-11D3-BF4B-00C04F79EFBC}") = "var3", "var3\var3.csproj", "{FDCED43A-8DE0-4464-BEE3-3F268D42B23B}"
EndProject
Global
	GlobalSection(SolutionConfigurationPlatforms) = preSolution
		Debug|Any CPU = Debug|Any CPU
		Release|Any CPU = Release|Any CPU
	EndGlobalSection
	GlobalSection(ProjectConfigurationPlatforms) = postSolution
		{FDCED43A-8DE0-4464-BEE3-3F268D42B23B}.Debug|Any CPU.ActiveCfg = Debug|Any CPU
		{FDCED43A-8DE0-4464-BEE3-3F268D42B23B}.Debug|Any CPU.Build.0 = Debug|Any CPU
		{FDCED43A-8DE0-4464-BEE3-3F268D42B23B}.Release|Any CPU.ActiveCfg = Release|Any CPU
		{FDCED43A-8DE0-4464-BEE3-3F268D42B23B}.Release|Any CPU.Build.0 = Release|Any CPU
	EndGlobalSection
	GlobalSection(SolutionProperties) = preSolution
		HideSolutionNode = FALSE
	EndGlobalSection
	GlobalSection(ExtensibilityGlobals) = postSolution
		SolutionGuid = {8E8D226E-FB32-4017-9036-161A87386152}
	EndGlobalSection
EndGlobal
